
Microsoft Visual Studio Solution File, Format Version 12.00
# Visual Studio 15
VisualStudioVersion = 15.0.26730.15
MinimumVisualStudioVersion = 10.0.40219.1
Project("{9092AA53-FB77-4645-B42D-1CCCA6BD08BD}") = "Elevate", "Elevate.njsproj", "{3E13EDA5-BED3-40B1-A5AE-2923FC55C477}"
EndProject
Global
	GlobalSection(SolutionConfigurationPlatforms) = preSolution
		Debug|Any CPU = Debug|Any CPU
		Release|Any CPU = Release|Any CPU
	EndGlobalSection
	GlobalSection(ProjectConfigurationPlatforms) = postSolution
		{3E13EDA5-BED3-40B1-A5AE-2923FC55C477}.Debug|Any CPU.ActiveCfg = Debug|Any CPU
		{3E13EDA5-BED3-40B1-A5AE-2923FC55C477}.Debug|Any CPU.Build.0 = Debug|Any CPU
		{3E13EDA5-BED3-40B1-A5AE-2923FC55C477}.Release|Any CPU.ActiveCfg = Release|Any CPU
		{3E13EDA5-BED3-40B1-A5AE-2923FC55C477}.Release|Any CPU.Build.0 = Release|Any CPU
	EndGlobalSection
	GlobalSection(SolutionProperties) = preSolution
		HideSolutionNode = FALSE
	EndGlobalSection
	GlobalSection(ExtensibilityGlobals) = postSolution
		SolutionGuid = {FBDEAF47-BE4A-40A4-85B0-2900ABB71BA6}
	EndGlobalSection
EndGlobal
